// !$*UTF8*$!
{
	archiveVersion = 1;
	classes = {
	};
	objectVersion = 56;
	objects = {

/* Begin PBXBuildFile section */
		15441B632C0655AB001AA91D /* CollectionView.swift in Sources */ = {isa = PBXBuildFile; fileRef = 15441B622C0655AB001AA91D /* CollectionView.swift */; };
		15441B662C069347001AA91D /* Alamofire in Frameworks */ = {isa = PBXBuildFile; productRef = 15441B652C069347001AA91D /* Alamofire */; };
		15441B952C077E51001AA91D /* CartView.swift in Sources */ = {isa = PBXBuildFile; fileRef = 15441B942C077E51001AA91D /* CartView.swift */; };
		15441B972C07A02C001AA91D /* SegmentedPicker.swift in Sources */ = {isa = PBXBuildFile; fileRef = 15441B962C07A02C001AA91D /* SegmentedPicker.swift */; };
		15441BA52C08F567001AA91D /* CartModelView.swift in Sources */ = {isa = PBXBuildFile; fileRef = 15441BA42C08F567001AA91D /* CartModelView.swift */; };
		157D78992C0242A1001DED58 /* userAppSUIApp.swift in Sources */ = {isa = PBXBuildFile; fileRef = 157D78982C0242A1001DED58 /* userAppSUIApp.swift */; };
		157D789B2C0242A1001DED58 /* ContentView.swift in Sources */ = {isa = PBXBuildFile; fileRef = 157D789A2C0242A1001DED58 /* ContentView.swift */; };
		157D789D2C0242A3001DED58 /* Assets.xcassets in Resources */ = {isa = PBXBuildFile; fileRef = 157D789C2C0242A3001DED58 /* Assets.xcassets */; };
		157D78A02C0242A3001DED58 /* Preview Assets.xcassets in Resources */ = {isa = PBXBuildFile; fileRef = 157D789F2C0242A3001DED58 /* Preview Assets.xcassets */; };
		157D78B12C024502001DED58 /* AlamofireImage in Frameworks */ = {isa = PBXBuildFile; productRef = 157D78B02C024502001DED58 /* AlamofireImage */; };
		157D78B32C024552001DED58 /* Model.swift in Sources */ = {isa = PBXBuildFile; fileRef = 157D78B22C024552001DED58 /* Model.swift */; };
		157D78B52C02458D001DED58 /* ViewModelOnContentView.swift in Sources */ = {isa = PBXBuildFile; fileRef = 157D78B42C02458D001DED58 /* ViewModelOnContentView.swift */; };
		157D78B92C04FFB5001DED58 /* SnapKit in Frameworks */ = {isa = PBXBuildFile; productRef = 157D78B82C04FFB5001DED58 /* SnapKit */; };
		15BE4B7C2C0B9D6600EADC73 /* DostView.swift in Sources */ = {isa = PBXBuildFile; fileRef = 15BE4B7B2C0B9D6600EADC73 /* DostView.swift */; };
/* End PBXBuildFile section */

/* Begin PBXFileReference section */
		15441B622C0655AB001AA91D /* CollectionView.swift */ = {isa = PBXFileReference; lastKnownFileType = sourcecode.swift; path = CollectionView.swift; sourceTree = "<group>"; };
		15441B942C077E51001AA91D /* CartView.swift */ = {isa = PBXFileReference; lastKnownFileType = sourcecode.swift; path = CartView.swift; sourceTree = "<group>"; };
		15441B962C07A02C001AA91D /* SegmentedPicker.swift */ = {isa = PBXFileReference; lastKnownFileType = sourcecode.swift; path = SegmentedPicker.swift; sourceTree = "<group>"; };
		15441BA42C08F567001AA91D /* CartModelView.swift */ = {isa = PBXFileReference; lastKnownFileType = sourcecode.swift; path = CartModelView.swift; sourceTree = "<group>"; };
		157D78952C0242A1001DED58 /* userAppSUI.app */ = {isa = PBXFileReference; explicitFileType = wrapper.application; includeInIndex = 0; path = userAppSUI.app; sourceTree = BUILT_PRODUCTS_DIR; };
		157D78982C0242A1001DED58 /* userAppSUIApp.swift */ = {isa = PBXFileReference; lastKnownFileType = sourcecode.swift; path = userAppSUIApp.swift; sourceTree = "<group>"; };
		157D789A2C0242A1001DED58 /* ContentView.swift */ = {isa = PBXFileReference; lastKnownFileType = sourcecode.swift; path = ContentView.swift; sourceTree = "<group>"; };
		157D789C2C0242A3001DED58 /* Assets.xcassets */ = {isa = PBXFileReference; lastKnownFileType = folder.assetcatalog; path = Assets.xcassets; sourceTree = "<group>"; };
		157D789F2C0242A3001DED58 /* Preview Assets.xcassets */ = {isa = PBXFileReference; lastKnownFileType = folder.assetcatalog; path = "Preview Assets.xcassets"; sourceTree = "<group>"; };
		157D78B22C024552001DED58 /* Model.swift */ = {isa = PBXFileReference; lastKnownFileType = sourcecode.swift; path = Model.swift; sourceTree = "<group>"; };
		157D78B42C02458D001DED58 /* ViewModelOnContentView.swift */ = {isa = PBXFileReference; lastKnownFileType = sourcecode.swift; path = ViewModelOnContentView.swift; sourceTree = "<group>"; };
		157D78B62C024A18001DED58 /* Info.plist */ = {isa = PBXFileReference; lastKnownFileType = text.plist; path = Info.plist; sourceTree = "<group>"; };
		15BE4B7B2C0B9D6600EADC73 /* DostView.swift */ = {isa = PBXFileReference; lastKnownFileType = sourcecode.swift; path = DostView.swift; sourceTree = "<group>"; };
/* End PBXFileReference section */

/* Begin PBXFrameworksBuildPhase section */
		157D78922C0242A1001DED58 /* Frameworks */ = {
			isa = PBXFrameworksBuildPhase;
			buildActionMask = 2147483647;
			files = (
				15441B662C069347001AA91D /* Alamofire in Frameworks */,
				157D78B92C04FFB5001DED58 /* SnapKit in Frameworks */,
				157D78B12C024502001DED58 /* AlamofireImage in Frameworks */,
			);
			runOnlyForDeploymentPostprocessing = 0;
		};
/* End PBXFrameworksBuildPhase section */

/* Begin PBXGroup section */
		157D788C2C0242A1001DED58 = {
			isa = PBXGroup;
			children = (
				157D78972C0242A1001DED58 /* userAppSUI */,
				157D78962C0242A1001DED58 /* Products */,
			);
			sourceTree = "<group>";
		};
		157D78962C0242A1001DED58 /* Products */ = {
			isa = PBXGroup;
			children = (
				157D78952C0242A1001DED58 /* userAppSUI.app */,
			);
			name = Products;
			sourceTree = "<group>";
		};
		157D78972C0242A1001DED58 /* userAppSUI */ = {
			isa = PBXGroup;
			children = (
				157D78B62C024A18001DED58 /* Info.plist */,
				157D78A92C0244BF001DED58 /* Support */,
				157D78A82C0244B3001DED58 /* View */,
				157D78A72C0244A8001DED58 /* ViewModel */,
				157D78A62C0242BA001DED58 /* Model */,
				157D789E2C0242A3001DED58 /* Preview Content */,
			);
			path = userAppSUI;
			sourceTree = "<group>";
		};
		157D789E2C0242A3001DED58 /* Preview Content */ = {
			isa = PBXGroup;
			children = (
				157D789F2C0242A3001DED58 /* Preview Assets.xcassets */,
			);
			path = "Preview Content";
			sourceTree = "<group>";
		};
		157D78A62C0242BA001DED58 /* Model */ = {
			isa = PBXGroup;
			children = (
				157D78B22C024552001DED58 /* Model.swift */,
			);
			path = Model;
			sourceTree = "<group>";
		};
		157D78A72C0244A8001DED58 /* ViewModel */ = {
			isa = PBXGroup;
			children = (
				157D78B42C02458D001DED58 /* ViewModelOnContentView.swift */,
				15441B622C0655AB001AA91D /* CollectionView.swift */,
				15441B962C07A02C001AA91D /* SegmentedPicker.swift */,
				15441BA42C08F567001AA91D /* CartModelView.swift */,
			);
			path = ViewModel;
			sourceTree = "<group>";
		};
		157D78A82C0244B3001DED58 /* View */ = {
			isa = PBXGroup;
			children = (
				157D789A2C0242A1001DED58 /* ContentView.swift */,
				15441B942C077E51001AA91D /* CartView.swift */,
				15BE4B7B2C0B9D6600EADC73 /* DostView.swift */,
			);
			path = View;
			sourceTree = "<group>";
		};
		157D78A92C0244BF001DED58 /* Support */ = {
			isa = PBXGroup;
			children = (
				157D789C2C0242A3001DED58 /* Assets.xcassets */,
				157D78982C0242A1001DED58 /* userAppSUIApp.swift */,
			);
			path = Support;
			sourceTree = "<group>";
		};
/* End PBXGroup section */

/* Begin PBXNativeTarget section */
		157D78942C0242A1001DED58 /* userAppSUI */ = {
			isa = PBXNativeTarget;
			buildConfigurationList = 157D78A32C0242A3001DED58 /* Build configuration list for PBXNativeTarget "userAppSUI" */;
			buildPhases = (
				157D78912C0242A1001DED58 /* Sources */,
				157D78922C0242A1001DED58 /* Frameworks */,
				157D78932C0242A1001DED58 /* Resources */,
			);
			buildRules = (
			);
			dependencies = (
			);
			name = userAppSUI;
			packageProductDependencies = (
				157D78B02C024502001DED58 /* AlamofireImage */,
				157D78B82C04FFB5001DED58 /* SnapKit */,
				15441B652C069347001AA91D /* Alamofire */,
			);
			productName = userAppSUI;
			productReference = 157D78952C0242A1001DED58 /* userAppSUI.app */;
			productType = "com.apple.product-type.application";
		};
/* End PBXNativeTarget section */

/* Begin PBXProject section */
		157D788D2C0242A1001DED58 /* Project object */ = {
			isa = PBXProject;
			attributes = {
				BuildIndependentTargetsInParallel = 1;
				LastSwiftUpdateCheck = 1520;
				LastUpgradeCheck = 1520;
				TargetAttributes = {
					157D78942C0242A1001DED58 = {
						CreatedOnToolsVersion = 15.2;
					};
				};
			};
			buildConfigurationList = 157D78902C0242A1001DED58 /* Build configuration list for PBXProject "userAppSUI" */;
			compatibilityVersion = "Xcode 14.0";
			developmentRegion = en;
			hasScannedForEncodings = 0;
			knownRegions = (
				en,
				Base,
			);
			mainGroup = 157D788C2C0242A1001DED58;
			packageReferences = (
				157D78AF2C024502001DED58 /* XCRemoteSwiftPackageReference "AlamofireImage" */,
				157D78B72C04FFB5001DED58 /* XCRemoteSwiftPackageReference "SnapKit" */,
				15441B642C069347001AA91D /* XCRemoteSwiftPackageReference "Alamofire" */,
			);
			productRefGroup = 157D78962C0242A1001DED58 /* Products */;
			projectDirPath = "";
			projectRoot = "";
			targets = (
				157D78942C0242A1001DED58 /* userAppSUI */,
			);
		};
/* End PBXProject section */

/* Begin PBXResourcesBuildPhase section */
		157D78932C0242A1001DED58 /* Resources */ = {
			isa = PBXResourcesBuildPhase;
			buildActionMask = 2147483647;
			files = (
				157D78A02C0242A3001DED58 /* Preview Assets.xcassets in Resources */,
				157D789D2C0242A3001DED58 /* Assets.xcassets in Resources */,
			);
			runOnlyForDeploymentPostprocessing = 0;
		};
/* End PBXResourcesBuildPhase section */

/* Begin PBXSourcesBuildPhase section */
		157D78912C0242A1001DED58 /* Sources */ = {
			isa = PBXSourcesBuildPhase;
			buildActionMask = 2147483647;
			files = (
				15441B952C077E51001AA91D /* CartView.swift in Sources */,
				157D78B32C024552001DED58 /* Model.swift in Sources */,
				15441B972C07A02C001AA91D /* SegmentedPicker.swift in Sources */,
				15441B632C0655AB001AA91D /* CollectionView.swift in Sources */,
				15441BA52C08F567001AA91D /* CartModelView.swift in Sources */,
				157D789B2C0242A1001DED58 /* ContentView.swift in Sources */,
				157D78B52C02458D001DED58 /* ViewModelOnContentView.swift in Sources */,
				157D78992C0242A1001DED58 /* userAppSUIApp.swift in Sources */,
				15BE4B7C2C0B9D6600EADC73 /* DostView.swift in Sources */,
			);
			runOnlyForDeploymentPostprocessing = 0;
		};
/* End PBXSourcesBuildPhase section */

/* Begin XCBuildConfiguration section */
		157D78A12C0242A3001DED58 /* Debug */ = {
			isa = XCBuildConfiguration;
			buildSettings = {
				ALWAYS_SEARCH_USER_PATHS = NO;
				ASSETCATALOG_COMPILER_GENERATE_SWIFT_ASSET_SYMBOL_EXTENSIONS = YES;
				CLANG_ANALYZER_NONNULL = YES;
				CLANG_ANALYZER_NUMBER_OBJECT_CONVERSION = YES_AGGRESSIVE;
				CLANG_CXX_LANGUAGE_STANDARD = "gnu++20";
				CLANG_ENABLE_MODULES = YES;
				CLANG_ENABLE_OBJC_ARC = YES;
				CLANG_ENABLE_OBJC_WEAK = YES;
				CLANG_WARN_BLOCK_CAPTURE_AUTORELEASING = YES;
				CLANG_WARN_BOOL_CONVERSION = YES;
				CLANG_WARN_COMMA = YES;
				CLANG_WARN_CONSTANT_CONVERSION = YES;
				CLANG_WARN_DEPRECATED_OBJC_IMPLEMENTATIONS = YES;
				CLANG_WARN_DIRECT_OBJC_ISA_USAGE = YES_ERROR;
				CLANG_WARN_DOCUMENTATION_COMMENTS = YES;
				CLANG_WARN_EMPTY_BODY = YES;
				CLANG_WARN_ENUM_CONVERSION = YES;
				CLANG_WARN_INFINITE_RECURSION = YES;
				CLANG_WARN_INT_CONVERSION = YES;
				CLANG_WARN_NON_LITERAL_NULL_CONVERSION = YES;
				CLANG_WARN_OBJC_IMPLICIT_RETAIN_SELF = YES;
				CLANG_WARN_OBJC_LITERAL_CONVERSION = YES;
				CLANG_WARN_OBJC_ROOT_CLASS = YES_ERROR;
				CLANG_WARN_QUOTED_INCLUDE_IN_FRAMEWORK_HEADER = YES;
				CLANG_WARN_RANGE_LOOP_ANALYSIS = YES;
				CLANG_WARN_STRICT_PROTOTYPES = YES;
				CLANG_WARN_SUSPICIOUS_MOVE = YES;
				CLANG_WARN_UNGUARDED_AVAILABILITY = YES_AGGRESSIVE;
				CLANG_WARN_UNREACHABLE_CODE = YES;
				CLANG_WARN__DUPLICATE_METHOD_MATCH = YES;
				COPY_PHASE_STRIP = NO;
				DEBUG_INFORMATION_FORMAT = dwarf;
				ENABLE_STRICT_OBJC_MSGSEND = YES;
				ENABLE_TESTABILITY = YES;
				ENABLE_USER_SCRIPT_SANDBOXING = YES;
				GCC_C_LANGUAGE_STANDARD = gnu17;
				GCC_DYNAMIC_NO_PIC = NO;
				GCC_NO_COMMON_BLOCKS = YES;
				GCC_OPTIMIZATION_LEVEL = 0;
				GCC_PREPROCESSOR_DEFINITIONS = (
					"DEBUG=1",
					"$(inherited)",
				);
				GCC_WARN_64_TO_32_BIT_CONVERSION = YES;
				GCC_WARN_ABOUT_RETURN_TYPE = YES_ERROR;
				GCC_WARN_UNDECLARED_SELECTOR = YES;
				GCC_WARN_UNINITIALIZED_AUTOS = YES_AGGRESSIVE;
				GCC_WARN_UNUSED_FUNCTION = YES;
				GCC_WARN_UNUSED_VARIABLE = YES;
				IPHONEOS_DEPLOYMENT_TARGET = 17.2;
				LOCALIZATION_PREFERS_STRING_CATALOGS = YES;
				MTL_ENABLE_DEBUG_INFO = INCLUDE_SOURCE;
				MTL_FAST_MATH = YES;
				ONLY_ACTIVE_ARCH = YES;
				SDKROOT = iphoneos;
				SWIFT_ACTIVE_COMPILATION_CONDITIONS = "DEBUG $(inherited)";
				SWIFT_OPTIMIZATION_LEVEL = "-Onone";
			};
			name = Debug;
		};
		157D78A22C0242A3001DED58 /* Release */ = {
			isa = XCBuildConfiguration;
			buildSettings = {
				ALWAYS_SEARCH_USER_PATHS = NO;
				ASSETCATALOG_COMPILER_GENERATE_SWIFT_ASSET_SYMBOL_EXTENSIONS = YES;
				CLANG_ANALYZER_NONNULL = YES;
				CLANG_ANALYZER_NUMBER_OBJECT_CONVERSION = YES_AGGRESSIVE;
				CLANG_CXX_LANGUAGE_STANDARD = "gnu++20";
				CLANG_ENABLE_MODULES = YES;
				CLANG_ENABLE_OBJC_ARC = YES;
				CLANG_ENABLE_OBJC_WEAK = YES;
				CLANG_WARN_BLOCK_CAPTURE_AUTORELEASING = YES;
				CLANG_WARN_BOOL_CONVERSION = YES;
				CLANG_WARN_COMMA = YES;
				CLANG_WARN_CONSTANT_CONVERSION = YES;
				CLANG_WARN_DEPRECATED_OBJC_IMPLEMENTATIONS = YES;
				CLANG_WARN_DIRECT_OBJC_ISA_USAGE = YES_ERROR;
				CLANG_WARN_DOCUMENTATION_COMMENTS = YES;
				CLANG_WARN_EMPTY_BODY = YES;
				CLANG_WARN_ENUM_CONVERSION = YES;
				CLANG_WARN_INFINITE_RECURSION = YES;
				CLANG_WARN_INT_CONVERSION = YES;
				CLANG_WARN_NON_LITERAL_NULL_CONVERSION = YES;
				CLANG_WARN_OBJC_IMPLICIT_RETAIN_SELF = YES;
				CLANG_WARN_OBJC_LITERAL_CONVERSION = YES;
				CLANG_WARN_OBJC_ROOT_CLASS = YES_ERROR;
				CLANG_WARN_QUOTED_INCLUDE_IN_FRAMEWORK_HEADER = YES;
				CLANG_WARN_RANGE_LOOP_ANALYSIS = YES;
				CLANG_WARN_STRICT_PROTOTYPES = YES;
				CLANG_WARN_SUSPICIOUS_MOVE = YES;
				CLANG_WARN_UNGUARDED_AVAILABILITY = YES_AGGRESSIVE;
				CLANG_WARN_UNREACHABLE_CODE = YES;
				CLANG_WARN__DUPLICATE_METHOD_MATCH = YES;
				COPY_PHASE_STRIP = NO;
				DEBUG_INFORMATION_FORMAT = "dwarf-with-dsym";
				ENABLE_NS_ASSERTIONS = NO;
				ENABLE_STRICT_OBJC_MSGSEND = YES;
				ENABLE_USER_SCRIPT_SANDBOXING = YES;
				GCC_C_LANGUAGE_STANDARD = gnu17;
				GCC_NO_COMMON_BLOCKS = YES;
				GCC_WARN_64_TO_32_BIT_CONVERSION = YES;
				GCC_WARN_ABOUT_RETURN_TYPE = YES_ERROR;
				GCC_WARN_UNDECLARED_SELECTOR = YES;
				GCC_WARN_UNINITIALIZED_AUTOS = YES_AGGRESSIVE;
				GCC_WARN_UNUSED_FUNCTION = YES;
				GCC_WARN_UNUSED_VARIABLE = YES;
				IPHONEOS_DEPLOYMENT_TARGET = 17.2;
				LOCALIZATION_PREFERS_STRING_CATALOGS = YES;
				MTL_ENABLE_DEBUG_INFO = NO;
				MTL_FAST_MATH = YES;
				SDKROOT = iphoneos;
				SWIFT_COMPILATION_MODE = wholemodule;
				VALIDATE_PRODUCT = YES;
			};
			name = Release;
		};
		157D78A42C0242A3001DED58 /* Debug */ = {
			isa = XCBuildConfiguration;
			buildSettings = {
				ASSETCATALOG_COMPILER_APPICON_NAME = AppIcon;
				ASSETCATALOG_COMPILER_GLOBAL_ACCENT_COLOR_NAME = AccentColor;
				CODE_SIGN_STYLE = Automatic;
				CURRENT_PROJECT_VERSION = 1;
				DEVELOPMENT_ASSET_PATHS = "\"userAppSUI/Preview Content\"";
				DEVELOPMENT_TEAM = 6YA7577C98;
				ENABLE_PREVIEWS = YES;
				GENERATE_INFOPLIST_FILE = YES;
				INFOPLIST_FILE = userAppSUI/Info.plist;
				INFOPLIST_KEY_UIApplicationSceneManifest_Generation = YES;
				INFOPLIST_KEY_UIApplicationSupportsIndirectInputEvents = YES;
				INFOPLIST_KEY_UILaunchScreen_Generation = YES;
				INFOPLIST_KEY_UISupportedInterfaceOrientations_iPad = "UIInterfaceOrientationPortrait UIInterfaceOrientationPortraitUpsideDown UIInterfaceOrientationLandscapeLeft UIInterfaceOrientationLandscapeRight";
				INFOPLIST_KEY_UISupportedInterfaceOrientations_iPhone = "UIInterfaceOrientationPortrait UIInterfaceOrientationLandscapeLeft UIInterfaceOrientationLandscapeRight";
				LD_RUNPATH_SEARCH_PATHS = (
					"$(inherited)",
					"@executable_path/Frameworks",
				);
				MARKETING_VERSION = 1.0;
				PRODUCT_BUNDLE_IDENTIFIER = k.userAppSUI;
				PRODUCT_NAME = "$(TARGET_NAME)";
				SWIFT_EMIT_LOC_STRINGS = YES;
				SWIFT_VERSION = 5.0;
				TARGETED_DEVICE_FAMILY = "1,2";
			};
			name = Debug;
		};
		157D78A52C0242A3001DED58 /* Release */ = {
			isa = XCBuildConfiguration;
			buildSettings = {
				ASSETCATALOG_COMPILER_APPICON_NAME = AppIcon;
				ASSETCATALOG_COMPILER_GLOBAL_ACCENT_COLOR_NAME = AccentColor;
				CODE_SIGN_STYLE = Automatic;
				CURRENT_PROJECT_VERSION = 1;
				DEVELOPMENT_ASSET_PATHS = "\"userAppSUI/Preview Content\"";
				DEVELOPMENT_TEAM = 6YA7577C98;
				ENABLE_PREVIEWS = YES;
				GENERATE_INFOPLIST_FILE = YES;
				INFOPLIST_FILE = userAppSUI/Info.plist;
				INFOPLIST_KEY_UIApplicationSceneManifest_Generation = YES;
				INFOPLIST_KEY_UIApplicationSupportsIndirectInputEvents = YES;
				INFOPLIST_KEY_UILaunchScreen_Generation = YES;
				INFOPLIST_KEY_UISupportedInterfaceOrientations_iPad = "UIInterfaceOrientationPortrait UIInterfaceOrientationPortraitUpsideDown UIInterfaceOrientationLandscapeLeft UIInterfaceOrientationLandscapeRight";
				INFOPLIST_KEY_UISupportedInterfaceOrientations_iPhone = "UIInterfaceOrientationPortrait UIInterfaceOrientationLandscapeLeft UIInterfaceOrientationLandscapeRight";
				LD_RUNPATH_SEARCH_PATHS = (
					"$(inherited)",
					"@executable_path/Frameworks",
				);
				MARKETING_VERSION = 1.0;
				PRODUCT_BUNDLE_IDENTIFIER = k.userAppSUI;
				PRODUCT_NAME = "$(TARGET_NAME)";
				SWIFT_EMIT_LOC_STRINGS = YES;
				SWIFT_VERSION = 5.0;
				TARGETED_DEVICE_FAMILY = "1,2";
			};
			name = Release;
		};
/* End XCBuildConfiguration section */

/* Begin XCConfigurationList section */
		157D78902C0242A1001DED58 /* Build configuration list for PBXProject "userAppSUI" */ = {
			isa = XCConfigurationList;
			buildConfigurations = (
				157D78A12C0242A3001DED58 /* Debug */,
				157D78A22C0242A3001DED58 /* Release */,
			);
			defaultConfigurationIsVisible = 0;
			defaultConfigurationName = Release;
		};
		157D78A32C0242A3001DED58 /* Build configuration list for PBXNativeTarget "userAppSUI" */ = {
			isa = XCConfigurationList;
			buildConfigurations = (
				157D78A42C0242A3001DED58 /* Debug */,
				157D78A52C0242A3001DED58 /* Release */,
			);
			defaultConfigurationIsVisible = 0;
			defaultConfigurationName = Release;
		};
/* End XCConfigurationList section */

/* Begin XCRemoteSwiftPackageReference section */
		15441B642C069347001AA91D /* XCRemoteSwiftPackageReference "Alamofire" */ = {
			isa = XCRemoteSwiftPackageReference;
			repositoryURL = "https://github.com/Alamofire/Alamofire";
			requirement = {
				kind = upToNextMajorVersion;
				minimumVersion = 5.9.1;
			};
		};
		157D78AF2C024502001DED58 /* XCRemoteSwiftPackageReference "AlamofireImage" */ = {
			isa = XCRemoteSwiftPackageReference;
			repositoryURL = "https://github.com/Alamofire/AlamofireImage";
			requirement = {
				kind = upToNextMajorVersion;
				minimumVersion = 4.3.0;
			};
		};
		157D78B72C04FFB5001DED58 /* XCRemoteSwiftPackageReference "SnapKit" */ = {
			isa = XCRemoteSwiftPackageReference;
			repositoryURL = "https://github.com/SnapKit/SnapKit";
			requirement = {
				kind = upToNextMajorVersion;
				minimumVersion = 5.7.1;
			};
		};
/* End XCRemoteSwiftPackageReference section */

/* Begin XCSwiftPackageProductDependency section */
		15441B652C069347001AA91D /* Alamofire */ = {
			isa = XCSwiftPackageProductDependency;
			package = 15441B642C069347001AA91D /* XCRemoteSwiftPackageReference "Alamofire" */;
			productName = Alamofire;
		};
		157D78B02C024502001DED58 /* AlamofireImage */ = {
			isa = XCSwiftPackageProductDependency;
			package = 157D78AF2C024502001DED58 /* XCRemoteSwiftPackageReference "AlamofireImage" */;
			productName = AlamofireImage;
		};
		157D78B82C04FFB5001DED58 /* SnapKit */ = {
			isa = XCSwiftPackageProductDependency;
			package = 157D78B72C04FFB5001DED58 /* XCRemoteSwiftPackageReference "SnapKit" */;
			productName = SnapKit;
		};
/* End XCSwiftPackageProductDependency section */
	};
	rootObject = 157D788D2C0242A1001DED58 /* Project object */;
}
