// !$*UTF8*$!
{
	archiveVersion = 1;
	classes = {
	};
	objectVersion = 56;
	objects = {

/* Begin PBXBuildFile section */
		15000B532C83563100DB45BC /* AuthCode.swift in Sources */ = {isa = PBXBuildFile; fileRef = 15000B522C83563100DB45BC /* AuthCode.swift */; };
		150F47B82C9F454200A6D729 /* Lottie in Frameworks */ = {isa = PBXBuildFile; productRef = 150F47B72C9F454200A6D729 /* Lottie */; };
		150F47C12C9F485D00A6D729 /* LoadPageEat.json in Resources */ = {isa = PBXBuildFile; fileRef = 150F47C02C9F485D00A6D729 /* LoadPageEat.json */; };
		150FE32D2C272AB300206E69 /* Kingfisher in Frameworks */ = {isa = PBXBuildFile; productRef = 150FE32C2C272AB300206E69 /* Kingfisher */; };
		15441B632C0655AB001AA91D /* CollectionView.swift in Sources */ = {isa = PBXBuildFile; fileRef = 15441B622C0655AB001AA91D /* CollectionView.swift */; };
		15441B662C069347001AA91D /* Alamofire in Frameworks */ = {isa = PBXBuildFile; productRef = 15441B652C069347001AA91D /* Alamofire */; };
		15441B952C077E51001AA91D /* CartView.swift in Sources */ = {isa = PBXBuildFile; fileRef = 15441B942C077E51001AA91D /* CartView.swift */; };
		15441B972C07A02C001AA91D /* SegmentedPicker.swift in Sources */ = {isa = PBXBuildFile; fileRef = 15441B962C07A02C001AA91D /* SegmentedPicker.swift */; };
		156357822CAB3D4900B54265 /* ProfileView.swift in Sources */ = {isa = PBXBuildFile; fileRef = 156357812CAB3D4900B54265 /* ProfileView.swift */; };
		156357852CAC073B00B54265 /* SwiftUIIntrospect in Frameworks */ = {isa = PBXBuildFile; productRef = 156357842CAC073B00B54265 /* SwiftUIIntrospect */; };
		156357872CAC08D300B54265 /* FillNameinProfile.swift in Sources */ = {isa = PBXBuildFile; fileRef = 156357862CAC08D300B54265 /* FillNameinProfile.swift */; };
		156357892CAC1ABA00B54265 /* SelectCityView.swift in Sources */ = {isa = PBXBuildFile; fileRef = 156357882CAC1ABA00B54265 /* SelectCityView.swift */; };
		1568620B2C6D2B0E00328FC5 /* AuthView.swift in Sources */ = {isa = PBXBuildFile; fileRef = 1568620A2C6D2B0E00328FC5 /* AuthView.swift */; };
		157D78992C0242A1001DED58 /* userAppSUIApp.swift in Sources */ = {isa = PBXBuildFile; fileRef = 157D78982C0242A1001DED58 /* userAppSUIApp.swift */; };
		157D789B2C0242A1001DED58 /* ContentView.swift in Sources */ = {isa = PBXBuildFile; fileRef = 157D789A2C0242A1001DED58 /* ContentView.swift */; };
		157D789D2C0242A3001DED58 /* Assets.xcassets in Resources */ = {isa = PBXBuildFile; fileRef = 157D789C2C0242A3001DED58 /* Assets.xcassets */; };
		157D78A02C0242A3001DED58 /* Preview Assets.xcassets in Resources */ = {isa = PBXBuildFile; fileRef = 157D789F2C0242A3001DED58 /* Preview Assets.xcassets */; };
		157D78B12C024502001DED58 /* AlamofireImage in Frameworks */ = {isa = PBXBuildFile; productRef = 157D78B02C024502001DED58 /* AlamofireImage */; };
		157D78B32C024552001DED58 /* Model.swift in Sources */ = {isa = PBXBuildFile; fileRef = 157D78B22C024552001DED58 /* Model.swift */; };
		157D78B52C02458D001DED58 /* ViewModelOnContentView.swift in Sources */ = {isa = PBXBuildFile; fileRef = 157D78B42C02458D001DED58 /* ViewModelOnContentView.swift */; };
		157D78B92C04FFB5001DED58 /* SnapKit in Frameworks */ = {isa = PBXBuildFile; productRef = 157D78B82C04FFB5001DED58 /* SnapKit */; };
		15B42C352CA4416400CE398C /* Onboarding.swift in Sources */ = {isa = PBXBuildFile; fileRef = 15B42C342CA4416400CE398C /* Onboarding.swift */; };
		15B42C3A2CA449BA00CE398C /* EatCategoryView.swift in Sources */ = {isa = PBXBuildFile; fileRef = 15B42C392CA449BA00CE398C /* EatCategoryView.swift */; };
		15B42C3C2CA44BBA00CE398C /* SelectEatNet.swift in Sources */ = {isa = PBXBuildFile; fileRef = 15B42C3B2CA44BBA00CE398C /* SelectEatNet.swift */; };
		15B42C3F2CA4504200CE398C /* EatCategoryModel.swift in Sources */ = {isa = PBXBuildFile; fileRef = 15B42C3E2CA4504200CE398C /* EatCategoryModel.swift */; };
		15BE4B7C2C0B9D6600EADC73 /* DostView.swift in Sources */ = {isa = PBXBuildFile; fileRef = 15BE4B7B2C0B9D6600EADC73 /* DostView.swift */; };
		15BE4B8E2C0F60CB00EADC73 /* StatusBar.swift in Sources */ = {isa = PBXBuildFile; fileRef = 15BE4B8D2C0F60CB00EADC73 /* StatusBar.swift */; };
		15BE4B962C0F95DC00EADC73 /* WidgetKit.framework in Frameworks */ = {isa = PBXBuildFile; fileRef = 15BE4B952C0F95DC00EADC73 /* WidgetKit.framework */; };
		15BE4B982C0F95DC00EADC73 /* SwiftUI.framework in Frameworks */ = {isa = PBXBuildFile; fileRef = 15BE4B972C0F95DC00EADC73 /* SwiftUI.framework */; };
		15BE4B9B2C0F95DC00EADC73 /* LiveBundle.swift in Sources */ = {isa = PBXBuildFile; fileRef = 15BE4B9A2C0F95DC00EADC73 /* LiveBundle.swift */; };
		15BE4B9D2C0F95DC00EADC73 /* LiveLiveActivity.swift in Sources */ = {isa = PBXBuildFile; fileRef = 15BE4B9C2C0F95DC00EADC73 /* LiveLiveActivity.swift */; };
		15BE4B9F2C0F95DC00EADC73 /* Live.swift in Sources */ = {isa = PBXBuildFile; fileRef = 15BE4B9E2C0F95DC00EADC73 /* Live.swift */; };
		15BE4BA12C0F95DC00EADC73 /* AppIntent.swift in Sources */ = {isa = PBXBuildFile; fileRef = 15BE4BA02C0F95DC00EADC73 /* AppIntent.swift */; };
		15BE4BA32C0F95DE00EADC73 /* Assets.xcassets in Resources */ = {isa = PBXBuildFile; fileRef = 15BE4BA22C0F95DE00EADC73 /* Assets.xcassets */; };
		15BE4BA82C0F95DE00EADC73 /* LiveExtension.appex in Embed Foundation Extensions */ = {isa = PBXBuildFile; fileRef = 15BE4B932C0F95DB00EADC73 /* LiveExtension.appex */; settings = {ATTRIBUTES = (RemoveHeadersOnCopy, ); }; };
		15BE4BAC2C0F9AB100EADC73 /* Model.swift in Sources */ = {isa = PBXBuildFile; fileRef = 157D78B22C024552001DED58 /* Model.swift */; };
		15BE4BAE2C0FAAE500EADC73 /* Assets.xcassets in Resources */ = {isa = PBXBuildFile; fileRef = 157D789C2C0242A3001DED58 /* Assets.xcassets */; };
		15DDA3D52C6F8CD2000D79C2 /* MainMenu.swift in Sources */ = {isa = PBXBuildFile; fileRef = 15DDA3D42C6F8CD2000D79C2 /* MainMenu.swift */; };
		15DDA3D72C6F90A1000D79C2 /* MainMenuViewModel.swift in Sources */ = {isa = PBXBuildFile; fileRef = 15DDA3D62C6F90A1000D79C2 /* MainMenuViewModel.swift */; };
/* End PBXBuildFile section */

/* Begin PBXContainerItemProxy section */
		15BE4BA52C0F95DE00EADC73 /* PBXContainerItemProxy */ = {
			isa = PBXContainerItemProxy;
			containerPortal = 157D788D2C0242A1001DED58 /* Project object */;
			proxyType = 1;
			remoteGlobalIDString = 15BE4B922C0F95DB00EADC73;
			remoteInfo = LiveExtension;
		};
/* End PBXContainerItemProxy section */

/* Begin PBXCopyFilesBuildPhase section */
		15BE4BA72C0F95DE00EADC73 /* Embed Foundation Extensions */ = {
			isa = PBXCopyFilesBuildPhase;
			buildActionMask = 2147483647;
			dstPath = "";
			dstSubfolderSpec = 13;
			files = (
				15BE4BA82C0F95DE00EADC73 /* LiveExtension.appex in Embed Foundation Extensions */,
			);
			name = "Embed Foundation Extensions";
			runOnlyForDeploymentPostprocessing = 0;
		};
/* End PBXCopyFilesBuildPhase section */

/* Begin PBXFileReference section */
		15000B522C83563100DB45BC /* AuthCode.swift */ = {isa = PBXFileReference; lastKnownFileType = sourcecode.swift; path = AuthCode.swift; sourceTree = "<group>"; };
		150F47C02C9F485D00A6D729 /* LoadPageEat.json */ = {isa = PBXFileReference; fileEncoding = 4; lastKnownFileType = text.json; path = LoadPageEat.json; sourceTree = "<group>"; };
		15441B622C0655AB001AA91D /* CollectionView.swift */ = {isa = PBXFileReference; lastKnownFileType = sourcecode.swift; path = CollectionView.swift; sourceTree = "<group>"; };
		15441B942C077E51001AA91D /* CartView.swift */ = {isa = PBXFileReference; lastKnownFileType = sourcecode.swift; path = CartView.swift; sourceTree = "<group>"; };
		15441B962C07A02C001AA91D /* SegmentedPicker.swift */ = {isa = PBXFileReference; lastKnownFileType = sourcecode.swift; path = SegmentedPicker.swift; sourceTree = "<group>"; };
		156357812CAB3D4900B54265 /* ProfileView.swift */ = {isa = PBXFileReference; lastKnownFileType = sourcecode.swift; path = ProfileView.swift; sourceTree = "<group>"; };
		156357862CAC08D300B54265 /* FillNameinProfile.swift */ = {isa = PBXFileReference; lastKnownFileType = sourcecode.swift; path = FillNameinProfile.swift; sourceTree = "<group>"; };
		156357882CAC1ABA00B54265 /* SelectCityView.swift */ = {isa = PBXFileReference; lastKnownFileType = sourcecode.swift; path = SelectCityView.swift; sourceTree = "<group>"; };
		1568620A2C6D2B0E00328FC5 /* AuthView.swift */ = {isa = PBXFileReference; lastKnownFileType = sourcecode.swift; path = AuthView.swift; sourceTree = "<group>"; };
		157D78952C0242A1001DED58 /* userAppSUI.app */ = {isa = PBXFileReference; explicitFileType = wrapper.application; includeInIndex = 0; path = userAppSUI.app; sourceTree = BUILT_PRODUCTS_DIR; };
		157D78982C0242A1001DED58 /* userAppSUIApp.swift */ = {isa = PBXFileReference; lastKnownFileType = sourcecode.swift; path = userAppSUIApp.swift; sourceTree = "<group>"; };
		157D789A2C0242A1001DED58 /* ContentView.swift */ = {isa = PBXFileReference; lastKnownFileType = sourcecode.swift; path = ContentView.swift; sourceTree = "<group>"; };
		157D789C2C0242A3001DED58 /* Assets.xcassets */ = {isa = PBXFileReference; lastKnownFileType = folder.assetcatalog; path = Assets.xcassets; sourceTree = "<group>"; };
		157D789F2C0242A3001DED58 /* Preview Assets.xcassets */ = {isa = PBXFileReference; lastKnownFileType = folder.assetcatalog; path = "Preview Assets.xcassets"; sourceTree = "<group>"; };
		157D78B22C024552001DED58 /* Model.swift */ = {isa = PBXFileReference; lastKnownFileType = sourcecode.swift; path = Model.swift; sourceTree = "<group>"; };
		157D78B42C02458D001DED58 /* ViewModelOnContentView.swift */ = {isa = PBXFileReference; lastKnownFileType = sourcecode.swift; path = ViewModelOnContentView.swift; sourceTree = "<group>"; };
		157D78B62C024A18001DED58 /* Info.plist */ = {isa = PBXFileReference; lastKnownFileType = text.plist; path = Info.plist; sourceTree = "<group>"; };
		15B42C342CA4416400CE398C /* Onboarding.swift */ = {isa = PBXFileReference; lastKnownFileType = sourcecode.swift; path = Onboarding.swift; sourceTree = "<group>"; };
		15B42C392CA449BA00CE398C /* EatCategoryView.swift */ = {isa = PBXFileReference; lastKnownFileType = sourcecode.swift; path = EatCategoryView.swift; sourceTree = "<group>"; };
		15B42C3B2CA44BBA00CE398C /* SelectEatNet.swift */ = {isa = PBXFileReference; lastKnownFileType = sourcecode.swift; path = SelectEatNet.swift; sourceTree = "<group>"; };
		15B42C3E2CA4504200CE398C /* EatCategoryModel.swift */ = {isa = PBXFileReference; lastKnownFileType = sourcecode.swift; path = EatCategoryModel.swift; sourceTree = "<group>"; };
		15BE4B7B2C0B9D6600EADC73 /* DostView.swift */ = {isa = PBXFileReference; lastKnownFileType = sourcecode.swift; path = DostView.swift; sourceTree = "<group>"; };
		15BE4B8D2C0F60CB00EADC73 /* StatusBar.swift */ = {isa = PBXFileReference; lastKnownFileType = sourcecode.swift; path = StatusBar.swift; sourceTree = "<group>"; };
		15BE4B932C0F95DB00EADC73 /* LiveExtension.appex */ = {isa = PBXFileReference; explicitFileType = "wrapper.app-extension"; includeInIndex = 0; path = LiveExtension.appex; sourceTree = BUILT_PRODUCTS_DIR; };
		15BE4B952C0F95DC00EADC73 /* WidgetKit.framework */ = {isa = PBXFileReference; lastKnownFileType = wrapper.framework; name = WidgetKit.framework; path = System/Library/Frameworks/WidgetKit.framework; sourceTree = SDKROOT; };
		15BE4B972C0F95DC00EADC73 /* SwiftUI.framework */ = {isa = PBXFileReference; lastKnownFileType = wrapper.framework; name = SwiftUI.framework; path = System/Library/Frameworks/SwiftUI.framework; sourceTree = SDKROOT; };
		15BE4B9A2C0F95DC00EADC73 /* LiveBundle.swift */ = {isa = PBXFileReference; lastKnownFileType = sourcecode.swift; path = LiveBundle.swift; sourceTree = "<group>"; };
		15BE4B9C2C0F95DC00EADC73 /* LiveLiveActivity.swift */ = {isa = PBXFileReference; lastKnownFileType = sourcecode.swift; path = LiveLiveActivity.swift; sourceTree = "<group>"; };
		15BE4B9E2C0F95DC00EADC73 /* Live.swift */ = {isa = PBXFileReference; lastKnownFileType = sourcecode.swift; path = Live.swift; sourceTree = "<group>"; };
		15BE4BA02C0F95DC00EADC73 /* AppIntent.swift */ = {isa = PBXFileReference; lastKnownFileType = sourcecode.swift; path = AppIntent.swift; sourceTree = "<group>"; };
		15BE4BA22C0F95DE00EADC73 /* Assets.xcassets */ = {isa = PBXFileReference; lastKnownFileType = folder.assetcatalog; path = Assets.xcassets; sourceTree = "<group>"; };
		15BE4BA42C0F95DE00EADC73 /* Info.plist */ = {isa = PBXFileReference; lastKnownFileType = text.plist.xml; path = Info.plist; sourceTree = "<group>"; };
		15DDA3D42C6F8CD2000D79C2 /* MainMenu.swift */ = {isa = PBXFileReference; lastKnownFileType = sourcecode.swift; path = MainMenu.swift; sourceTree = "<group>"; };
		15DDA3D62C6F90A1000D79C2 /* MainMenuViewModel.swift */ = {isa = PBXFileReference; lastKnownFileType = sourcecode.swift; path = MainMenuViewModel.swift; sourceTree = "<group>"; };
/* End PBXFileReference section */

/* Begin PBXFrameworksBuildPhase section */
		157D78922C0242A1001DED58 /* Frameworks */ = {
			isa = PBXFrameworksBuildPhase;
			buildActionMask = 2147483647;
			files = (
				15441B662C069347001AA91D /* Alamofire in Frameworks */,
				157D78B92C04FFB5001DED58 /* SnapKit in Frameworks */,
				157D78B12C024502001DED58 /* AlamofireImage in Frameworks */,
				156357852CAC073B00B54265 /* SwiftUIIntrospect in Frameworks */,
				150FE32D2C272AB300206E69 /* Kingfisher in Frameworks */,
				150F47B82C9F454200A6D729 /* Lottie in Frameworks */,
			);
			runOnlyForDeploymentPostprocessing = 0;
		};
		15BE4B902C0F95DB00EADC73 /* Frameworks */ = {
			isa = PBXFrameworksBuildPhase;
			buildActionMask = 2147483647;
			files = (
				15BE4B982C0F95DC00EADC73 /* SwiftUI.framework in Frameworks */,
				15BE4B962C0F95DC00EADC73 /* WidgetKit.framework in Frameworks */,
			);
			runOnlyForDeploymentPostprocessing = 0;
		};
/* End PBXFrameworksBuildPhase section */

/* Begin PBXGroup section */
		150F47B92C9F459400A6D729 /* Lottie */ = {
			isa = PBXGroup;
			children = (
				150F47C02C9F485D00A6D729 /* LoadPageEat.json */,
			);
			path = Lottie;
			sourceTree = "<group>";
		};
		1563577E2CAB3D2A00B54265 /* Profile */ = {
			isa = PBXGroup;
			children = (
				156357812CAB3D4900B54265 /* ProfileView.swift */,
				156357862CAC08D300B54265 /* FillNameinProfile.swift */,
				156357882CAC1ABA00B54265 /* SelectCityView.swift */,
			);
			path = Profile;
			sourceTree = "<group>";
		};
		156862052C6D29DE00328FC5 /* Eat */ = {
			isa = PBXGroup;
			children = (
				150F47B92C9F459400A6D729 /* Lottie */,
				157D78A62C0242BA001DED58 /* Model */,
				157D78A72C0244A8001DED58 /* ViewModel */,
				157D78A82C0244B3001DED58 /* View */,
			);
			path = Eat;
			sourceTree = "<group>";
		};
		156862062C6D29F700328FC5 /* MainOnb */ = {
			isa = PBXGroup;
			children = (
				1563577E2CAB3D2A00B54265 /* Profile */,
				15B42C332CA4414400CE398C /* Onboarding */,
				15DDA3D32C6F8CB8000D79C2 /* MainPage */,
				156862072C6D2A2000328FC5 /* Auth */,
			);
			path = MainOnb;
			sourceTree = "<group>";
		};
		156862072C6D2A2000328FC5 /* Auth */ = {
			isa = PBXGroup;
			children = (
				1568620A2C6D2B0E00328FC5 /* AuthView.swift */,
				15000B522C83563100DB45BC /* AuthCode.swift */,
			);
			path = Auth;
			sourceTree = "<group>";
		};
		157D788C2C0242A1001DED58 = {
			isa = PBXGroup;
			children = (
				157D78972C0242A1001DED58 /* userAppSUI */,
				15BE4B992C0F95DC00EADC73 /* Live */,
				15BE4B942C0F95DC00EADC73 /* Frameworks */,
				157D78962C0242A1001DED58 /* Products */,
			);
			sourceTree = "<group>";
		};
		157D78962C0242A1001DED58 /* Products */ = {
			isa = PBXGroup;
			children = (
				157D78952C0242A1001DED58 /* userAppSUI.app */,
				15BE4B932C0F95DB00EADC73 /* LiveExtension.appex */,
			);
			name = Products;
			sourceTree = "<group>";
		};
		157D78972C0242A1001DED58 /* userAppSUI */ = {
			isa = PBXGroup;
			children = (
				157D789E2C0242A3001DED58 /* Preview Content */,
				156862062C6D29F700328FC5 /* MainOnb */,
				156862052C6D29DE00328FC5 /* Eat */,
				157D78B62C024A18001DED58 /* Info.plist */,
				157D78A92C0244BF001DED58 /* Support */,
			);
			path = userAppSUI;
			sourceTree = "<group>";
		};
		157D789E2C0242A3001DED58 /* Preview Content */ = {
			isa = PBXGroup;
			children = (
				157D789F2C0242A3001DED58 /* Preview Assets.xcassets */,
			);
			path = "Preview Content";
			sourceTree = "<group>";
		};
		157D78A62C0242BA001DED58 /* Model */ = {
			isa = PBXGroup;
			children = (
				157D78B22C024552001DED58 /* Model.swift */,
			);
			path = Model;
			sourceTree = "<group>";
		};
		157D78A72C0244A8001DED58 /* ViewModel */ = {
			isa = PBXGroup;
			children = (
				157D78B42C02458D001DED58 /* ViewModelOnContentView.swift */,
				15441B622C0655AB001AA91D /* CollectionView.swift */,
				15441B962C07A02C001AA91D /* SegmentedPicker.swift */,
				15BE4B8D2C0F60CB00EADC73 /* StatusBar.swift */,
			);
			path = ViewModel;
			sourceTree = "<group>";
		};
		157D78A82C0244B3001DED58 /* View */ = {
			isa = PBXGroup;
			children = (
				157D789A2C0242A1001DED58 /* ContentView.swift */,
				15441B942C077E51001AA91D /* CartView.swift */,
				15BE4B7B2C0B9D6600EADC73 /* DostView.swift */,
			);
			path = View;
			sourceTree = "<group>";
		};
		157D78A92C0244BF001DED58 /* Support */ = {
			isa = PBXGroup;
			children = (
				157D789C2C0242A3001DED58 /* Assets.xcassets */,
				157D78982C0242A1001DED58 /* userAppSUIApp.swift */,
			);
			path = Support;
			sourceTree = "<group>";
		};
		15B42C332CA4414400CE398C /* Onboarding */ = {
			isa = PBXGroup;
			children = (
				15B42C342CA4416400CE398C /* Onboarding.swift */,
			);
			path = Onboarding;
			sourceTree = "<group>";
		};
		15B42C362CA445D600CE398C /* SelectedCategory */ = {
			isa = PBXGroup;
			children = (
				15B42C3D2CA44CEF00CE398C /* Eat */,
			);
			path = SelectedCategory;
			sourceTree = "<group>";
		};
		15B42C3D2CA44CEF00CE398C /* Eat */ = {
			isa = PBXGroup;
			children = (
				15B42C392CA449BA00CE398C /* EatCategoryView.swift */,
				15B42C3B2CA44BBA00CE398C /* SelectEatNet.swift */,
				15B42C3E2CA4504200CE398C /* EatCategoryModel.swift */,
			);
			path = Eat;
			sourceTree = "<group>";
		};
		15BE4B942C0F95DC00EADC73 /* Frameworks */ = {
			isa = PBXGroup;
			children = (
				15BE4B952C0F95DC00EADC73 /* WidgetKit.framework */,
				15BE4B972C0F95DC00EADC73 /* SwiftUI.framework */,
			);
			name = Frameworks;
			sourceTree = "<group>";
		};
		15BE4B992C0F95DC00EADC73 /* Live */ = {
			isa = PBXGroup;
			children = (
				15BE4B9A2C0F95DC00EADC73 /* LiveBundle.swift */,
				15BE4B9C2C0F95DC00EADC73 /* LiveLiveActivity.swift */,
				15BE4B9E2C0F95DC00EADC73 /* Live.swift */,
				15BE4BA02C0F95DC00EADC73 /* AppIntent.swift */,
				15BE4BA22C0F95DE00EADC73 /* Assets.xcassets */,
				15BE4BA42C0F95DE00EADC73 /* Info.plist */,
			);
			path = Live;
			sourceTree = "<group>";
		};
		15DDA3D32C6F8CB8000D79C2 /* MainPage */ = {
			isa = PBXGroup;
			children = (
				15B42C362CA445D600CE398C /* SelectedCategory */,
				15DDA3D42C6F8CD2000D79C2 /* MainMenu.swift */,
				15DDA3D62C6F90A1000D79C2 /* MainMenuViewModel.swift */,
			);
			path = MainPage;
			sourceTree = "<group>";
		};
/* End PBXGroup section */

/* Begin PBXNativeTarget section */
		157D78942C0242A1001DED58 /* userAppSUI */ = {
			isa = PBXNativeTarget;
			buildConfigurationList = 157D78A32C0242A3001DED58 /* Build configuration list for PBXNativeTarget "userAppSUI" */;
			buildPhases = (
				157D78912C0242A1001DED58 /* Sources */,
				157D78922C0242A1001DED58 /* Frameworks */,
				157D78932C0242A1001DED58 /* Resources */,
				15BE4BA72C0F95DE00EADC73 /* Embed Foundation Extensions */,
			);
			buildRules = (
			);
			dependencies = (
				15BE4BA62C0F95DE00EADC73 /* PBXTargetDependency */,
			);
			name = userAppSUI;
			packageProductDependencies = (
				157D78B02C024502001DED58 /* AlamofireImage */,
				157D78B82C04FFB5001DED58 /* SnapKit */,
				15441B652C069347001AA91D /* Alamofire */,
				150FE32C2C272AB300206E69 /* Kingfisher */,
				150F47B72C9F454200A6D729 /* Lottie */,
				156357842CAC073B00B54265 /* SwiftUIIntrospect */,
			);
			productName = userAppSUI;
			productReference = 157D78952C0242A1001DED58 /* userAppSUI.app */;
			productType = "com.apple.product-type.application";
		};
		15BE4B922C0F95DB00EADC73 /* LiveExtension */ = {
			isa = PBXNativeTarget;
			buildConfigurationList = 15BE4BA92C0F95DE00EADC73 /* Build configuration list for PBXNativeTarget "LiveExtension" */;
			buildPhases = (
				15BE4B8F2C0F95DB00EADC73 /* Sources */,
				15BE4B902C0F95DB00EADC73 /* Frameworks */,
				15BE4B912C0F95DB00EADC73 /* Resources */,
			);
			buildRules = (
			);
			dependencies = (
			);
			name = LiveExtension;
			productName = LiveExtension;
			productReference = 15BE4B932C0F95DB00EADC73 /* LiveExtension.appex */;
			productType = "com.apple.product-type.app-extension";
		};
/* End PBXNativeTarget section */

/* Begin PBXProject section */
		157D788D2C0242A1001DED58 /* Project object */ = {
			isa = PBXProject;
			attributes = {
				BuildIndependentTargetsInParallel = 1;
				LastSwiftUpdateCheck = 1520;
				LastUpgradeCheck = 1520;
				TargetAttributes = {
					157D78942C0242A1001DED58 = {
						CreatedOnToolsVersion = 15.2;
					};
					15BE4B922C0F95DB00EADC73 = {
						CreatedOnToolsVersion = 15.2;
					};
				};
			};
			buildConfigurationList = 157D78902C0242A1001DED58 /* Build configuration list for PBXProject "userAppSUI" */;
			compatibilityVersion = "Xcode 14.0";
			developmentRegion = en;
			hasScannedForEncodings = 0;
			knownRegions = (
				en,
				Base,
			);
			mainGroup = 157D788C2C0242A1001DED58;
			packageReferences = (
				157D78AF2C024502001DED58 /* XCRemoteSwiftPackageReference "AlamofireImage" */,
				157D78B72C04FFB5001DED58 /* XCRemoteSwiftPackageReference "SnapKit" */,
				15441B642C069347001AA91D /* XCRemoteSwiftPackageReference "Alamofire" */,
				150FE32B2C272AB300206E69 /* XCRemoteSwiftPackageReference "Kingfisher" */,
				150F47B62C9F454200A6D729 /* XCRemoteSwiftPackageReference "lottie-ios" */,
				156357832CAC073B00B54265 /* XCRemoteSwiftPackageReference "SwiftUI-Introspect" */,
			);
			productRefGroup = 157D78962C0242A1001DED58 /* Products */;
			projectDirPath = "";
			projectRoot = "";
			targets = (
				157D78942C0242A1001DED58 /* userAppSUI */,
				15BE4B922C0F95DB00EADC73 /* LiveExtension */,
			);
		};
/* End PBXProject section */

/* Begin PBXResourcesBuildPhase section */
		157D78932C0242A1001DED58 /* Resources */ = {
			isa = PBXResourcesBuildPhase;
			buildActionMask = 2147483647;
			files = (
				150F47C12C9F485D00A6D729 /* LoadPageEat.json in Resources */,
				157D78A02C0242A3001DED58 /* Preview Assets.xcassets in Resources */,
				157D789D2C0242A3001DED58 /* Assets.xcassets in Resources */,
			);
			runOnlyForDeploymentPostprocessing = 0;
		};
		15BE4B912C0F95DB00EADC73 /* Resources */ = {
			isa = PBXResourcesBuildPhase;
			buildActionMask = 2147483647;
			files = (
				15BE4BAE2C0FAAE500EADC73 /* Assets.xcassets in Resources */,
				15BE4BA32C0F95DE00EADC73 /* Assets.xcassets in Resources */,
			);
			runOnlyForDeploymentPostprocessing = 0;
		};
/* End PBXResourcesBuildPhase section */

/* Begin PBXSourcesBuildPhase section */
		157D78912C0242A1001DED58 /* Sources */ = {
			isa = PBXSourcesBuildPhase;
			buildActionMask = 2147483647;
			files = (
				15DDA3D52C6F8CD2000D79C2 /* MainMenu.swift in Sources */,
				15441B952C077E51001AA91D /* CartView.swift in Sources */,
				157D78B32C024552001DED58 /* Model.swift in Sources */,
				15441B972C07A02C001AA91D /* SegmentedPicker.swift in Sources */,
				15441B632C0655AB001AA91D /* CollectionView.swift in Sources */,
				15000B532C83563100DB45BC /* AuthCode.swift in Sources */,
				15BE4B8E2C0F60CB00EADC73 /* StatusBar.swift in Sources */,
				156357892CAC1ABA00B54265 /* SelectCityView.swift in Sources */,
				157D789B2C0242A1001DED58 /* ContentView.swift in Sources */,
				1568620B2C6D2B0E00328FC5 /* AuthView.swift in Sources */,
				15DDA3D72C6F90A1000D79C2 /* MainMenuViewModel.swift in Sources */,
				156357822CAB3D4900B54265 /* ProfileView.swift in Sources */,
				15B42C352CA4416400CE398C /* Onboarding.swift in Sources */,
				157D78B52C02458D001DED58 /* ViewModelOnContentView.swift in Sources */,
				157D78992C0242A1001DED58 /* userAppSUIApp.swift in Sources */,
				15B42C3F2CA4504200CE398C /* EatCategoryModel.swift in Sources */,
				15BE4B7C2C0B9D6600EADC73 /* DostView.swift in Sources */,
				156357872CAC08D300B54265 /* FillNameinProfile.swift in Sources */,
				15B42C3A2CA449BA00CE398C /* EatCategoryView.swift in Sources */,
				15B42C3C2CA44BBA00CE398C /* SelectEatNet.swift in Sources */,
			);
			runOnlyForDeploymentPostprocessing = 0;
		};
		15BE4B8F2C0F95DB00EADC73 /* Sources */ = {
			isa = PBXSourcesBuildPhase;
			buildActionMask = 2147483647;
			files = (
				15BE4BAC2C0F9AB100EADC73 /* Model.swift in Sources */,
				15BE4B9D2C0F95DC00EADC73 /* LiveLiveActivity.swift in Sources */,
				15BE4BA12C0F95DC00EADC73 /* AppIntent.swift in Sources */,
				15BE4B9B2C0F95DC00EADC73 /* LiveBundle.swift in Sources */,
				15BE4B9F2C0F95DC00EADC73 /* Live.swift in Sources */,
			);
			runOnlyForDeploymentPostprocessing = 0;
		};
/* End PBXSourcesBuildPhase section */

/* Begin PBXTargetDependency section */
		15BE4BA62C0F95DE00EADC73 /* PBXTargetDependency */ = {
			isa = PBXTargetDependency;
			target = 15BE4B922C0F95DB00EADC73 /* LiveExtension */;
			targetProxy = 15BE4BA52C0F95DE00EADC73 /* PBXContainerItemProxy */;
		};
/* End PBXTargetDependency section */

/* Begin XCBuildConfiguration section */
		157D78A12C0242A3001DED58 /* Debug */ = {
			isa = XCBuildConfiguration;
			buildSettings = {
				ALWAYS_SEARCH_USER_PATHS = NO;
				ASSETCATALOG_COMPILER_GENERATE_SWIFT_ASSET_SYMBOL_EXTENSIONS = YES;
				CLANG_ANALYZER_NONNULL = YES;
				CLANG_ANALYZER_NUMBER_OBJECT_CONVERSION = YES_AGGRESSIVE;
				CLANG_CXX_LANGUAGE_STANDARD = "gnu++20";
				CLANG_ENABLE_MODULES = YES;
				CLANG_ENABLE_OBJC_ARC = YES;
				CLANG_ENABLE_OBJC_WEAK = YES;
				CLANG_WARN_BLOCK_CAPTURE_AUTORELEASING = YES;
				CLANG_WARN_BOOL_CONVERSION = YES;
				CLANG_WARN_COMMA = YES;
				CLANG_WARN_CONSTANT_CONVERSION = YES;
				CLANG_WARN_DEPRECATED_OBJC_IMPLEMENTATIONS = YES;
				CLANG_WARN_DIRECT_OBJC_ISA_USAGE = YES_ERROR;
				CLANG_WARN_DOCUMENTATION_COMMENTS = YES;
				CLANG_WARN_EMPTY_BODY = YES;
				CLANG_WARN_ENUM_CONVERSION = YES;
				CLANG_WARN_INFINITE_RECURSION = YES;
				CLANG_WARN_INT_CONVERSION = YES;
				CLANG_WARN_NON_LITERAL_NULL_CONVERSION = YES;
				CLANG_WARN_OBJC_IMPLICIT_RETAIN_SELF = YES;
				CLANG_WARN_OBJC_LITERAL_CONVERSION = YES;
				CLANG_WARN_OBJC_ROOT_CLASS = YES_ERROR;
				CLANG_WARN_QUOTED_INCLUDE_IN_FRAMEWORK_HEADER = YES;
				CLANG_WARN_RANGE_LOOP_ANALYSIS = YES;
				CLANG_WARN_STRICT_PROTOTYPES = YES;
				CLANG_WARN_SUSPICIOUS_MOVE = YES;
				CLANG_WARN_UNGUARDED_AVAILABILITY = YES_AGGRESSIVE;
				CLANG_WARN_UNREACHABLE_CODE = YES;
				CLANG_WARN__DUPLICATE_METHOD_MATCH = YES;
				COPY_PHASE_STRIP = NO;
				DEBUG_INFORMATION_FORMAT = dwarf;
				ENABLE_STRICT_OBJC_MSGSEND = YES;
				ENABLE_TESTABILITY = YES;
				ENABLE_USER_SCRIPT_SANDBOXING = YES;
				GCC_C_LANGUAGE_STANDARD = gnu17;
				GCC_DYNAMIC_NO_PIC = NO;
				GCC_NO_COMMON_BLOCKS = YES;
				GCC_OPTIMIZATION_LEVEL = 0;
				GCC_PREPROCESSOR_DEFINITIONS = (
					"DEBUG=1",
					"$(inherited)",
				);
				GCC_WARN_64_TO_32_BIT_CONVERSION = YES;
				GCC_WARN_ABOUT_RETURN_TYPE = YES_ERROR;
				GCC_WARN_UNDECLARED_SELECTOR = YES;
				GCC_WARN_UNINITIALIZED_AUTOS = YES_AGGRESSIVE;
				GCC_WARN_UNUSED_FUNCTION = YES;
				GCC_WARN_UNUSED_VARIABLE = YES;
				IPHONEOS_DEPLOYMENT_TARGET = 17.2;
				LOCALIZATION_PREFERS_STRING_CATALOGS = YES;
				MTL_ENABLE_DEBUG_INFO = INCLUDE_SOURCE;
				MTL_FAST_MATH = YES;
				ONLY_ACTIVE_ARCH = YES;
				SDKROOT = iphoneos;
				SWIFT_ACTIVE_COMPILATION_CONDITIONS = "DEBUG $(inherited)";
				SWIFT_OPTIMIZATION_LEVEL = "-Onone";
			};
			name = Debug;
		};
		157D78A22C0242A3001DED58 /* Release */ = {
			isa = XCBuildConfiguration;
			buildSettings = {
				ALWAYS_SEARCH_USER_PATHS = NO;
				ASSETCATALOG_COMPILER_GENERATE_SWIFT_ASSET_SYMBOL_EXTENSIONS = YES;
				CLANG_ANALYZER_NONNULL = YES;
				CLANG_ANALYZER_NUMBER_OBJECT_CONVERSION = YES_AGGRESSIVE;
				CLANG_CXX_LANGUAGE_STANDARD = "gnu++20";
				CLANG_ENABLE_MODULES = YES;
				CLANG_ENABLE_OBJC_ARC = YES;
				CLANG_ENABLE_OBJC_WEAK = YES;
				CLANG_WARN_BLOCK_CAPTURE_AUTORELEASING = YES;
				CLANG_WARN_BOOL_CONVERSION = YES;
				CLANG_WARN_COMMA = YES;
				CLANG_WARN_CONSTANT_CONVERSION = YES;
				CLANG_WARN_DEPRECATED_OBJC_IMPLEMENTATIONS = YES;
				CLANG_WARN_DIRECT_OBJC_ISA_USAGE = YES_ERROR;
				CLANG_WARN_DOCUMENTATION_COMMENTS = YES;
				CLANG_WARN_EMPTY_BODY = YES;
				CLANG_WARN_ENUM_CONVERSION = YES;
				CLANG_WARN_INFINITE_RECURSION = YES;
				CLANG_WARN_INT_CONVERSION = YES;
				CLANG_WARN_NON_LITERAL_NULL_CONVERSION = YES;
				CLANG_WARN_OBJC_IMPLICIT_RETAIN_SELF = YES;
				CLANG_WARN_OBJC_LITERAL_CONVERSION = YES;
				CLANG_WARN_OBJC_ROOT_CLASS = YES_ERROR;
				CLANG_WARN_QUOTED_INCLUDE_IN_FRAMEWORK_HEADER = YES;
				CLANG_WARN_RANGE_LOOP_ANALYSIS = YES;
				CLANG_WARN_STRICT_PROTOTYPES = YES;
				CLANG_WARN_SUSPICIOUS_MOVE = YES;
				CLANG_WARN_UNGUARDED_AVAILABILITY = YES_AGGRESSIVE;
				CLANG_WARN_UNREACHABLE_CODE = YES;
				CLANG_WARN__DUPLICATE_METHOD_MATCH = YES;
				COPY_PHASE_STRIP = NO;
				DEBUG_INFORMATION_FORMAT = "dwarf-with-dsym";
				ENABLE_NS_ASSERTIONS = NO;
				ENABLE_STRICT_OBJC_MSGSEND = YES;
				ENABLE_USER_SCRIPT_SANDBOXING = YES;
				GCC_C_LANGUAGE_STANDARD = gnu17;
				GCC_NO_COMMON_BLOCKS = YES;
				GCC_WARN_64_TO_32_BIT_CONVERSION = YES;
				GCC_WARN_ABOUT_RETURN_TYPE = YES_ERROR;
				GCC_WARN_UNDECLARED_SELECTOR = YES;
				GCC_WARN_UNINITIALIZED_AUTOS = YES_AGGRESSIVE;
				GCC_WARN_UNUSED_FUNCTION = YES;
				GCC_WARN_UNUSED_VARIABLE = YES;
				IPHONEOS_DEPLOYMENT_TARGET = 17.2;
				LOCALIZATION_PREFERS_STRING_CATALOGS = YES;
				MTL_ENABLE_DEBUG_INFO = NO;
				MTL_FAST_MATH = YES;
				SDKROOT = iphoneos;
				SWIFT_COMPILATION_MODE = wholemodule;
				VALIDATE_PRODUCT = YES;
			};
			name = Release;
		};
		157D78A42C0242A3001DED58 /* Debug */ = {
			isa = XCBuildConfiguration;
			buildSettings = {
				ALWAYS_EMBED_SWIFT_STANDARD_LIBRARIES = YES;
				ASSETCATALOG_COMPILER_APPICON_NAME = AppIcon;
				ASSETCATALOG_COMPILER_GLOBAL_ACCENT_COLOR_NAME = AccentColor;
				CODE_SIGN_STYLE = Automatic;
				CURRENT_PROJECT_VERSION = 1;
				DEVELOPMENT_ASSET_PATHS = "\"userAppSUI/Preview Content\"";
				DEVELOPMENT_TEAM = A3JK6544MF;
				ENABLE_PREVIEWS = YES;
				GENERATE_INFOPLIST_FILE = YES;
				INFOPLIST_FILE = userAppSUI/Info.plist;
				INFOPLIST_KEY_CFBundleDisplayName = "Arba GO";
				INFOPLIST_KEY_NSSupportsLiveActivities = YES;
				INFOPLIST_KEY_UIApplicationSceneManifest_Generation = YES;
				INFOPLIST_KEY_UIApplicationSupportsIndirectInputEvents = YES;
				INFOPLIST_KEY_UILaunchScreen_Generation = YES;
				INFOPLIST_KEY_UISupportedInterfaceOrientations_iPad = "UIInterfaceOrientationPortrait UIInterfaceOrientationPortraitUpsideDown UIInterfaceOrientationLandscapeLeft UIInterfaceOrientationLandscapeRight";
				INFOPLIST_KEY_UISupportedInterfaceOrientations_iPhone = "UIInterfaceOrientationPortrait UIInterfaceOrientationLandscapeLeft UIInterfaceOrientationLandscapeRight";
				LD_RUNPATH_SEARCH_PATHS = (
					"$(inherited)",
					"@executable_path/Frameworks",
				);
				MARKETING_VERSION = 1.0;
				PRODUCT_BUNDLE_IDENTIFIER = k.userAppSUI;
				PRODUCT_NAME = "$(TARGET_NAME)";
				SUPPORTED_PLATFORMS = "iphoneos iphonesimulator";
				SUPPORTS_MACCATALYST = NO;
				SUPPORTS_MAC_DESIGNED_FOR_IPHONE_IPAD = NO;
				SUPPORTS_XR_DESIGNED_FOR_IPHONE_IPAD = NO;
				SWIFT_EMIT_LOC_STRINGS = YES;
				SWIFT_VERSION = 5.0;
				TARGETED_DEVICE_FAMILY = 1;
			};
			name = Debug;
		};
		157D78A52C0242A3001DED58 /* Release */ = {
			isa = XCBuildConfiguration;
			buildSettings = {
				ALWAYS_EMBED_SWIFT_STANDARD_LIBRARIES = YES;
				ASSETCATALOG_COMPILER_APPICON_NAME = AppIcon;
				ASSETCATALOG_COMPILER_GLOBAL_ACCENT_COLOR_NAME = AccentColor;
				CODE_SIGN_STYLE = Automatic;
				CURRENT_PROJECT_VERSION = 1;
				DEVELOPMENT_ASSET_PATHS = "\"userAppSUI/Preview Content\"";
				DEVELOPMENT_TEAM = A3JK6544MF;
				ENABLE_PREVIEWS = YES;
				GENERATE_INFOPLIST_FILE = YES;
				INFOPLIST_FILE = userAppSUI/Info.plist;
				INFOPLIST_KEY_CFBundleDisplayName = "Arba GO";
				INFOPLIST_KEY_NSSupportsLiveActivities = YES;
				INFOPLIST_KEY_UIApplicationSceneManifest_Generation = YES;
				INFOPLIST_KEY_UIApplicationSupportsIndirectInputEvents = YES;
				INFOPLIST_KEY_UILaunchScreen_Generation = YES;
				INFOPLIST_KEY_UISupportedInterfaceOrientations_iPad = "UIInterfaceOrientationPortrait UIInterfaceOrientationPortraitUpsideDown UIInterfaceOrientationLandscapeLeft UIInterfaceOrientationLandscapeRight";
				INFOPLIST_KEY_UISupportedInterfaceOrientations_iPhone = "UIInterfaceOrientationPortrait UIInterfaceOrientationLandscapeLeft UIInterfaceOrientationLandscapeRight";
				LD_RUNPATH_SEARCH_PATHS = (
					"$(inherited)",
					"@executable_path/Frameworks",
				);
				MARKETING_VERSION = 1.0;
				PRODUCT_BUNDLE_IDENTIFIER = k.userAppSUI;
				PRODUCT_NAME = "$(TARGET_NAME)";
				SUPPORTED_PLATFORMS = "iphoneos iphonesimulator";
				SUPPORTS_MACCATALYST = NO;
				SUPPORTS_MAC_DESIGNED_FOR_IPHONE_IPAD = NO;
				SUPPORTS_XR_DESIGNED_FOR_IPHONE_IPAD = NO;
				SWIFT_EMIT_LOC_STRINGS = YES;
				SWIFT_VERSION = 5.0;
				TARGETED_DEVICE_FAMILY = 1;
			};
			name = Release;
		};
		15BE4BAA2C0F95DE00EADC73 /* Debug */ = {
			isa = XCBuildConfiguration;
			buildSettings = {
				ASSETCATALOG_COMPILER_GLOBAL_ACCENT_COLOR_NAME = AccentColor;
				ASSETCATALOG_COMPILER_WIDGET_BACKGROUND_COLOR_NAME = WidgetBackground;
				CODE_SIGN_STYLE = Automatic;
				CURRENT_PROJECT_VERSION = 1;
				DEVELOPMENT_TEAM = A3JK6544MF;
				GENERATE_INFOPLIST_FILE = YES;
				INFOPLIST_FILE = Live/Info.plist;
				INFOPLIST_KEY_CFBundleDisplayName = Live;
				INFOPLIST_KEY_NSHumanReadableCopyright = "";
				LD_RUNPATH_SEARCH_PATHS = (
					"$(inherited)",
					"@executable_path/Frameworks",
					"@executable_path/../../Frameworks",
				);
				MARKETING_VERSION = 1.0;
				PRODUCT_BUNDLE_IDENTIFIER = k.userAppSUI.Live;
				PRODUCT_NAME = "$(TARGET_NAME)";
				SKIP_INSTALL = YES;
				SWIFT_EMIT_LOC_STRINGS = YES;
				SWIFT_VERSION = 5.0;
				TARGETED_DEVICE_FAMILY = "1,2";
			};
			name = Debug;
		};
		15BE4BAB2C0F95DE00EADC73 /* Release */ = {
			isa = XCBuildConfiguration;
			buildSettings = {
				ASSETCATALOG_COMPILER_GLOBAL_ACCENT_COLOR_NAME = AccentColor;
				ASSETCATALOG_COMPILER_WIDGET_BACKGROUND_COLOR_NAME = WidgetBackground;
				CODE_SIGN_STYLE = Automatic;
				CURRENT_PROJECT_VERSION = 1;
				DEVELOPMENT_TEAM = A3JK6544MF;
				GENERATE_INFOPLIST_FILE = YES;
				INFOPLIST_FILE = Live/Info.plist;
				INFOPLIST_KEY_CFBundleDisplayName = Live;
				INFOPLIST_KEY_NSHumanReadableCopyright = "";
				LD_RUNPATH_SEARCH_PATHS = (
					"$(inherited)",
					"@executable_path/Frameworks",
					"@executable_path/../../Frameworks",
				);
				MARKETING_VERSION = 1.0;
				PRODUCT_BUNDLE_IDENTIFIER = k.userAppSUI.Live;
				PRODUCT_NAME = "$(TARGET_NAME)";
				SKIP_INSTALL = YES;
				SWIFT_EMIT_LOC_STRINGS = YES;
				SWIFT_VERSION = 5.0;
				TARGETED_DEVICE_FAMILY = "1,2";
			};
			name = Release;
		};
/* End XCBuildConfiguration section */

/* Begin XCConfigurationList section */
		157D78902C0242A1001DED58 /* Build configuration list for PBXProject "userAppSUI" */ = {
			isa = XCConfigurationList;
			buildConfigurations = (
				157D78A12C0242A3001DED58 /* Debug */,
				157D78A22C0242A3001DED58 /* Release */,
			);
			defaultConfigurationIsVisible = 0;
			defaultConfigurationName = Release;
		};
		157D78A32C0242A3001DED58 /* Build configuration list for PBXNativeTarget "userAppSUI" */ = {
			isa = XCConfigurationList;
			buildConfigurations = (
				157D78A42C0242A3001DED58 /* Debug */,
				157D78A52C0242A3001DED58 /* Release */,
			);
			defaultConfigurationIsVisible = 0;
			defaultConfigurationName = Release;
		};
		15BE4BA92C0F95DE00EADC73 /* Build configuration list for PBXNativeTarget "LiveExtension" */ = {
			isa = XCConfigurationList;
			buildConfigurations = (
				15BE4BAA2C0F95DE00EADC73 /* Debug */,
				15BE4BAB2C0F95DE00EADC73 /* Release */,
			);
			defaultConfigurationIsVisible = 0;
			defaultConfigurationName = Release;
		};
/* End XCConfigurationList section */

/* Begin XCRemoteSwiftPackageReference section */
		150F47B62C9F454200A6D729 /* XCRemoteSwiftPackageReference "lottie-ios" */ = {
			isa = XCRemoteSwiftPackageReference;
			repositoryURL = "https://github.com/airbnb/lottie-ios";
			requirement = {
				kind = upToNextMajorVersion;
				minimumVersion = 4.5.0;
			};
		};
		150FE32B2C272AB300206E69 /* XCRemoteSwiftPackageReference "Kingfisher" */ = {
			isa = XCRemoteSwiftPackageReference;
			repositoryURL = "https://github.com/onevcat/Kingfisher";
			requirement = {
				kind = upToNextMajorVersion;
				minimumVersion = 7.12.0;
			};
		};
		15441B642C069347001AA91D /* XCRemoteSwiftPackageReference "Alamofire" */ = {
			isa = XCRemoteSwiftPackageReference;
			repositoryURL = "https://github.com/Alamofire/Alamofire";
			requirement = {
				kind = upToNextMajorVersion;
				minimumVersion = 5.9.1;
			};
		};
		156357832CAC073B00B54265 /* XCRemoteSwiftPackageReference "SwiftUI-Introspect" */ = {
			isa = XCRemoteSwiftPackageReference;
			repositoryURL = "https://github.com/siteline/SwiftUI-Introspect";
			requirement = {
				kind = upToNextMajorVersion;
				minimumVersion = 1.3.0;
			};
		};
		157D78AF2C024502001DED58 /* XCRemoteSwiftPackageReference "AlamofireImage" */ = {
			isa = XCRemoteSwiftPackageReference;
			repositoryURL = "https://github.com/Alamofire/AlamofireImage";
			requirement = {
				kind = upToNextMajorVersion;
				minimumVersion = 4.3.0;
			};
		};
		157D78B72C04FFB5001DED58 /* XCRemoteSwiftPackageReference "SnapKit" */ = {
			isa = XCRemoteSwiftPackageReference;
			repositoryURL = "https://github.com/SnapKit/SnapKit";
			requirement = {
				kind = upToNextMajorVersion;
				minimumVersion = 5.7.1;
			};
		};
/* End XCRemoteSwiftPackageReference section */

/* Begin XCSwiftPackageProductDependency section */
		150F47B72C9F454200A6D729 /* Lottie */ = {
			isa = XCSwiftPackageProductDependency;
			package = 150F47B62C9F454200A6D729 /* XCRemoteSwiftPackageReference "lottie-ios" */;
			productName = Lottie;
		};
		150FE32C2C272AB300206E69 /* Kingfisher */ = {
			isa = XCSwiftPackageProductDependency;
			package = 150FE32B2C272AB300206E69 /* XCRemoteSwiftPackageReference "Kingfisher" */;
			productName = Kingfisher;
		};
		15441B652C069347001AA91D /* Alamofire */ = {
			isa = XCSwiftPackageProductDependency;
			package = 15441B642C069347001AA91D /* XCRemoteSwiftPackageReference "Alamofire" */;
			productName = Alamofire;
		};
		156357842CAC073B00B54265 /* SwiftUIIntrospect */ = {
			isa = XCSwiftPackageProductDependency;
			package = 156357832CAC073B00B54265 /* XCRemoteSwiftPackageReference "SwiftUI-Introspect" */;
			productName = SwiftUIIntrospect;
		};
		157D78B02C024502001DED58 /* AlamofireImage */ = {
			isa = XCSwiftPackageProductDependency;
			package = 157D78AF2C024502001DED58 /* XCRemoteSwiftPackageReference "AlamofireImage" */;
			productName = AlamofireImage;
		};
		157D78B82C04FFB5001DED58 /* SnapKit */ = {
			isa = XCSwiftPackageProductDependency;
			package = 157D78B72C04FFB5001DED58 /* XCRemoteSwiftPackageReference "SnapKit" */;
			productName = SnapKit;
		};
/* End XCSwiftPackageProductDependency section */
	};
	rootObject = 157D788D2C0242A1001DED58 /* Project object */;
}
